
Microsoft Visual Studio Solution File, Format Version 12.00
# Visual Studio Version 17
VisualStudioVersion = 17.10.35013.160
MinimumVisualStudioVersion = 10.0.40219.1
Project("{FAE04EC0-301F-11D3-BF4B-00C04F79EFBC}") = "mypaperwork", "mypaperwork.csproj", "{4FB19A1F-B452-47DC-837A-90ADDF6BCE83}"
EndProject
Global
	GlobalSection(SolutionConfigurationPlatforms) = preSolution
		Debug|Any CPU = Debug|Any CPU
		Release|Any CPU = Release|Any CPU
	EndGlobalSection
	GlobalSection(ProjectConfigurationPlatforms) = postSolution
		{4FB19A1F-B452-47DC-837A-90ADDF6BCE83}.Debug|Any CPU.ActiveCfg = Debug|Any CPU
		{4FB19A1F-B452-47DC-837A-90ADDF6BCE83}.Debug|Any CPU.Build.0 = Debug|Any CPU
		{4FB19A1F-B452-47DC-837A-90ADDF6BCE83}.Release|Any CPU.ActiveCfg = Release|Any CPU
		{4FB19A1F-B452-47DC-837A-90ADDF6BCE83}.Release|Any CPU.Build.0 = Release|Any CPU
	EndGlobalSection
	GlobalSection(SolutionProperties) = preSolution
		HideSolutionNode = FALSE
	EndGlobalSection
	GlobalSection(ExtensibilityGlobals) = postSolution
		SolutionGuid = {7575FC1A-5387-443C-8316-C8AFA2D945A7}
	EndGlobalSection
EndGlobal
